{
  "name": "004-browser-port",
  "version": "1.0.0",
  "lockfileVersion": 3,
  "requires": true,
  "packages": {
    "": {
      "name": "004-browser-port",
      "version": "1.0.0",
      "license": "ISC",
      "dependencies": {
        "fflate": "^0.8.3",
        "jomini": "^0.10.0"
      }
    },
    "node_modules/fflate": {
      "version": "0.8.3",
      "resolved": "https://registry.npmjs.org/fflate/-/fflate-0.8.3.tgz",
      "integrity": "sha512-tbZNuJrLwGUp3zshBtdy4W+ORxZuIh8a5ilyIEQDC5rY1f3U20JMry0Ll3WBzU58EZKsEuJFXhb5gwv8CsPvgA==",
      "license": "MIT"
    },
    "node_modules/jomini": {
      "version": "0.10.0",
      "resolved": "https://registry.npmjs.org/jomini/-/jomini-0.10.0.tgz",
      "integrity": "sha512-BfLxtex1n6D+kqu/fMK8VvGPzKbM2GMQTLuoCYD3+Rub1yQ7dhz6KepiKl3FI4JySpfgzDtC0NeV/8hSAKn1wA==",
      "license": "MIT"
    }
  }
}
